lockfileVersion: 5.4

importers:

  .:
    specifiers:
      typescript: ^4.6.4
    devDependencies:
      typescript: 4.6.4

packages:

  /typescript/4.6.4:
    resolution: {integrity: sha512-9ia/jWHIEbo49HfjrLGfKbZSuWo9iTMwXO+Ca3pRsSpbsMbc7/IU8NKdCZVRRBafVPGnoJeFL76ZOAA84I9fEg==}
    engines: {node: '>=4.2.0'}
    hasBin: true
    dev: true
