{
  "version": "4",
  "specifiers": {
    "npm:@orama/orama@2.1.1": "2.1.1",
    "npm:@orama/orama@3.0.0-rc-2": "3.0.0-rc-2"
  },
  "npm": {
    "@orama/orama@2.1.1": {
      "integrity": "sha512-euTV/2kya290SNkl5m8e/H1na8iDygk74nNtl4E0YZNyYIrEMwE1JwamoroMKGZw2Uz+in/8gH3m1+2YfP0j1w=="
    },
    "@orama/orama@3.0.0-rc-2": {
      "integrity": "sha512-Yklb1Yj0SoZrPlPV0dCDQKFPGbSIEm9788IVfR4sbv5SiCc47KBKEJJdYG/J8dWGE9pIzYLmUY78fLSBCWXa5g=="
    }
  }
}
